
Microsoft Visual Studio Solution File, Format Version 12.00
# Visual Studio Version 17
VisualStudioVersion = 17.7.34221.43
MinimumVisualStudioVersion = 10.0.40219.1
Project("{9A19103F-16F7-4668-BE54-9A1E7A4F7556}") = "Domain", "Domain\Domain.csproj", "{19285136-EC0B-41B1-B79C-B11D5580EF1F}"
EndProject
Project("{9A19103F-16F7-4668-BE54-9A1E7A4F7556}") = "Application", "Application\Application.csproj", "{95597EDC-6998-45F3-BD76-8DEAB33A1655}"
EndProject
Project("{9A19103F-16F7-4668-BE54-9A1E7A4F7556}") = "Common", "..\Media\Common\Common.csproj", "{8D1E249B-9BF1-48C2-9AC4-96FD9B81FA6E}"
EndProject
Project("{9A19103F-16F7-4668-BE54-9A1E7A4F7556}") = "Unitilities", "..\Media\Unitilities\Unitilities.csproj", "{D9DFA24F-C432-453E-96FE-249D064399C4}"
EndProject
Project("{9A19103F-16F7-4668-BE54-9A1E7A4F7556}") = "Web.App.API", "Web.App.API\Web.App.API.csproj", "{234C99B9-E484-45E9-9DB2-B275ECF663C3}"
EndProject
Global
	GlobalSection(SolutionConfigurationPlatforms) = preSolution
		Debug|Any CPU = Debug|Any CPU
		Release|Any CPU = Release|Any CPU
	EndGlobalSection
	GlobalSection(ProjectConfigurationPlatforms) = postSolution
		{19285136-EC0B-41B1-B79C-B11D5580EF1F}.Debug|Any CPU.ActiveCfg = Debug|Any CPU
		{19285136-EC0B-41B1-B79C-B11D5580EF1F}.Debug|Any CPU.Build.0 = Debug|Any CPU
		{19285136-EC0B-41B1-B79C-B11D5580EF1F}.Release|Any CPU.ActiveCfg = Release|Any CPU
		{19285136-EC0B-41B1-B79C-B11D5580EF1F}.Release|Any CPU.Build.0 = Release|Any CPU
		{95597EDC-6998-45F3-BD76-8DEAB33A1655}.Debug|Any CPU.ActiveCfg = Debug|Any CPU
		{95597EDC-6998-45F3-BD76-8DEAB33A1655}.Debug|Any CPU.Build.0 = Debug|Any CPU
		{95597EDC-6998-45F3-BD76-8DEAB33A1655}.Release|Any CPU.ActiveCfg = Release|Any CPU
		{95597EDC-6998-45F3-BD76-8DEAB33A1655}.Release|Any CPU.Build.0 = Release|Any CPU
		{8D1E249B-9BF1-48C2-9AC4-96FD9B81FA6E}.Debug|Any CPU.ActiveCfg = Debug|Any CPU
		{8D1E249B-9BF1-48C2-9AC4-96FD9B81FA6E}.Debug|Any CPU.Build.0 = Debug|Any CPU
		{8D1E249B-9BF1-48C2-9AC4-96FD9B81FA6E}.Release|Any CPU.ActiveCfg = Release|Any CPU
		{8D1E249B-9BF1-48C2-9AC4-96FD9B81FA6E}.Release|Any CPU.Build.0 = Release|Any CPU
		{D9DFA24F-C432-453E-96FE-249D064399C4}.Debug|Any CPU.ActiveCfg = Debug|Any CPU
		{D9DFA24F-C432-453E-96FE-249D064399C4}.Debug|Any CPU.Build.0 = Debug|Any CPU
		{D9DFA24F-C432-453E-96FE-249D064399C4}.Release|Any CPU.ActiveCfg = Release|Any CPU
		{D9DFA24F-C432-453E-96FE-249D064399C4}.Release|Any CPU.Build.0 = Release|Any CPU
		{234C99B9-E484-45E9-9DB2-B275ECF663C3}.Debug|Any CPU.ActiveCfg = Debug|Any CPU
		{234C99B9-E484-45E9-9DB2-B275ECF663C3}.Debug|Any CPU.Build.0 = Debug|Any CPU
		{234C99B9-E484-45E9-9DB2-B275ECF663C3}.Release|Any CPU.ActiveCfg = Release|Any CPU
		{234C99B9-E484-45E9-9DB2-B275ECF663C3}.Release|Any CPU.Build.0 = Release|Any CPU
	EndGlobalSection
	GlobalSection(SolutionProperties) = preSolution
		HideSolutionNode = FALSE
	EndGlobalSection
	GlobalSection(ExtensibilityGlobals) = postSolution
		SolutionGuid = {4046DCD5-29E4-4674-A3F9-A01BDA3955FD}
	EndGlobalSection
EndGlobal
