
Microsoft Visual Studio Solution File, Format Version 12.00
# Visual Studio Version 17
VisualStudioVersion = 17.7.34221.43
MinimumVisualStudioVersion = 10.0.40219.1
Project("{9A19103F-16F7-4668-BE54-9A1E7A4F7556}") = "Infrastructure", "Infrastructure.csproj", "{A0EDEECF-8B98-4DFF-8A23-1720B6A800DA}"
EndProject
Project("{9A19103F-16F7-4668-BE54-9A1E7A4F7556}") = "Domain", "..\Domain\Domain.csproj", "{B8C2D52D-FF99-4CCD-AFE4-B0C511733FDA}"
EndProject
Project("{9A19103F-16F7-4668-BE54-9A1E7A4F7556}") = "Common", "..\Common\Common.csproj", "{631441B6-77DD-43AD-B3A8-962654D58D6E}"
EndProject
Project("{9A19103F-16F7-4668-BE54-9A1E7A4F7556}") = "Unitilities", "..\Unitilities\Unitilities.csproj", "{C8BB22B3-0038-42F5-9DF1-9727EC257AAF}"
EndProject
Global
	GlobalSection(SolutionConfigurationPlatforms) = preSolution
		Debug|Any CPU = Debug|Any CPU
		Release|Any CPU = Release|Any CPU
	EndGlobalSection
	GlobalSection(ProjectConfigurationPlatforms) = postSolution
		{A0EDEECF-8B98-4DFF-8A23-1720B6A800DA}.Debug|Any CPU.ActiveCfg = Debug|Any CPU
		{A0EDEECF-8B98-4DFF-8A23-1720B6A800DA}.Debug|Any CPU.Build.0 = Debug|Any CPU
		{A0EDEECF-8B98-4DFF-8A23-1720B6A800DA}.Release|Any CPU.ActiveCfg = Release|Any CPU
		{A0EDEECF-8B98-4DFF-8A23-1720B6A800DA}.Release|Any CPU.Build.0 = Release|Any CPU
		{B8C2D52D-FF99-4CCD-AFE4-B0C511733FDA}.Debug|Any CPU.ActiveCfg = Debug|Any CPU
		{B8C2D52D-FF99-4CCD-AFE4-B0C511733FDA}.Debug|Any CPU.Build.0 = Debug|Any CPU
		{B8C2D52D-FF99-4CCD-AFE4-B0C511733FDA}.Release|Any CPU.ActiveCfg = Release|Any CPU
		{B8C2D52D-FF99-4CCD-AFE4-B0C511733FDA}.Release|Any CPU.Build.0 = Release|Any CPU
		{631441B6-77DD-43AD-B3A8-962654D58D6E}.Debug|Any CPU.ActiveCfg = Debug|Any CPU
		{631441B6-77DD-43AD-B3A8-962654D58D6E}.Debug|Any CPU.Build.0 = Debug|Any CPU
		{631441B6-77DD-43AD-B3A8-962654D58D6E}.Release|Any CPU.ActiveCfg = Release|Any CPU
		{631441B6-77DD-43AD-B3A8-962654D58D6E}.Release|Any CPU.Build.0 = Release|Any CPU
		{C8BB22B3-0038-42F5-9DF1-9727EC257AAF}.Debug|Any CPU.ActiveCfg = Debug|Any CPU
		{C8BB22B3-0038-42F5-9DF1-9727EC257AAF}.Debug|Any CPU.Build.0 = Debug|Any CPU
		{C8BB22B3-0038-42F5-9DF1-9727EC257AAF}.Release|Any CPU.ActiveCfg = Release|Any CPU
		{C8BB22B3-0038-42F5-9DF1-9727EC257AAF}.Release|Any CPU.Build.0 = Release|Any CPU
	EndGlobalSection
	GlobalSection(SolutionProperties) = preSolution
		HideSolutionNode = FALSE
	EndGlobalSection
	GlobalSection(ExtensibilityGlobals) = postSolution
		SolutionGuid = {F3E418A0-BD3F-42DC-92B6-644387447472}
	EndGlobalSection
EndGlobal
